
Microsoft Visual Studio Solution File, Format Version 12.00
# Visual Studio Version 17
VisualStudioVersion = 17.3.32929.385
MinimumVisualStudioVersion = 10.0.40219.1
Project("{FAE04EC0-301F-11D3-BF4B-00C04F79EFBC}") = "NeuralStyleTransfer", "NeuralStyleTransfer\NeuralStyleTransfer.csproj", "{3947D1B0-804B-49B0-B19A-54AD164798F8}"
EndProject
Global
	GlobalSection(SolutionConfigurationPlatforms) = preSolution
		Debug|Any CPU = Debug|Any CPU
		Release|Any CPU = Release|Any CPU
	EndGlobalSection
	GlobalSection(ProjectConfigurationPlatforms) = postSolution
		{3947D1B0-804B-49B0-B19A-54AD164798F8}.Debug|Any CPU.ActiveCfg = Debug|Any CPU
		{3947D1B0-804B-49B0-B19A-54AD164798F8}.Debug|Any CPU.Build.0 = Debug|Any CPU
		{3947D1B0-804B-49B0-B19A-54AD164798F8}.Release|Any CPU.ActiveCfg = Release|Any CPU
		{3947D1B0-804B-49B0-B19A-54AD164798F8}.Release|Any CPU.Build.0 = Release|Any CPU
	EndGlobalSection
	GlobalSection(SolutionProperties) = preSolution
		HideSolutionNode = FALSE
	EndGlobalSection
	GlobalSection(ExtensibilityGlobals) = postSolution
		SolutionGuid = {C7839DBA-C5B8-489A-96CC-0F66B318FC48}
	EndGlobalSection
EndGlobal
